// !$*UTF8*$!
{
	archiveVersion = 1;
	classes = {
	};
	objectVersion = 46;
	objects = {

/* Begin PBXBuildFile section */
		84CCFB701B4CB1E6004CF14A /* main.m in Sources */ = {isa = PBXBuildFile; fileRef = 84CCFB6F1B4CB1E6004CF14A /* main.m */; };
		84CCFB731B4CB1E6004CF14A /* AppDelegate.m in Sources */ = {isa = PBXBuildFile; fileRef = 84CCFB721B4CB1E6004CF14A /* AppDelegate.m */; };
		84CCFB761B4CB1E6004CF14A /* FirstViewController.m in Sources */ = {isa = PBXBuildFile; fileRef = 84CCFB751B4CB1E6004CF14A /* FirstViewController.m */; };
		84CCFB791B4CB1E6004CF14A /* SecondViewController.m in Sources */ = {isa = PBXBuildFile; fileRef = 84CCFB781B4CB1E6004CF14A /* SecondViewController.m */; };
		84CCFB7C1B4CB1E6004CF14A /* Main.storyboard in Resources */ = {isa = PBXBuildFile; fileRef = 84CCFB7A1B4CB1E6004CF14A /* Main.storyboard */; };
		84CCFB7E1B4CB1E6004CF14A /* Images.xcassets in Resources */ = {isa = PBXBuildFile; fileRef = 84CCFB7D1B4CB1E6004CF14A /* Images.xcassets */; };
		84CCFB811B4CB1E6004CF14A /* LaunchScreen.xib in Resources */ = {isa = PBXBuildFile; fileRef = 84CCFB7F1B4CB1E6004CF14A /* LaunchScreen.xib */; };
		84CCFB8D1B4CB1E6004CF14A /* Tutorial_40Tests.m in Sources */ = {isa = PBXBuildFile; fileRef = 84CCFB8C1B4CB1E6004CF14A /* Tutorial_40Tests.m */; };
/* End PBXBuildFile section */

/* Begin PBXContainerItemProxy section */
		84CCFB871B4CB1E6004CF14A /* PBXContainerItemProxy */ = {
			isa = PBXContainerItemProxy;
			containerPortal = 84CCFB621B4CB1E6004CF14A /* Project object */;
			proxyType = 1;
			remoteGlobalIDString = 84CCFB691B4CB1E6004CF14A;
			remoteInfo = Tutorial_40;
		};
/* End PBXContainerItemProxy section */

/* Begin PBXFileReference section */
		84CCFB6A1B4CB1E6004CF14A /* Tutorial_40.app */ = {isa = PBXFileReference; explicitFileType = wrapper.application; includeInIndex = 0; path = Tutorial_40.app; sourceTree = BUILT_PRODUCTS_DIR; };
		84CCFB6E1B4CB1E6004CF14A /* Info.plist */ = {isa = PBXFileReference; lastKnownFileType = text.plist.xml; path = Info.plist; sourceTree = "<group>"; };
		84CCFB6F1B4CB1E6004CF14A /* main.m */ = {isa = PBXFileReference; lastKnownFileType = sourcecode.c.objc; path = main.m; sourceTree = "<group>"; };
		84CCFB711B4CB1E6004CF14A /* AppDelegate.h */ = {isa = PBXFileReference; lastKnownFileType = sourcecode.c.h; path = AppDelegate.h; sourceTree = "<group>"; };
		84CCFB721B4CB1E6004CF14A /* AppDelegate.m */ = {isa = PBXFileReference; lastKnownFileType = sourcecode.c.objc; path = AppDelegate.m; sourceTree = "<group>"; };
		84CCFB741B4CB1E6004CF14A /* FirstViewController.h */ = {isa = PBXFileReference; lastKnownFileType = sourcecode.c.h; path = FirstViewController.h; sourceTree = "<group>"; };
		84CCFB751B4CB1E6004CF14A /* FirstViewController.m */ = {isa = PBXFileReference; lastKnownFileType = sourcecode.c.objc; path = FirstViewController.m; sourceTree = "<group>"; };
		84CCFB771B4CB1E6004CF14A /* SecondViewController.h */ = {isa = PBXFileReference; lastKnownFileType = sourcecode.c.h; path = SecondViewController.h; sourceTree = "<group>"; };
		84CCFB781B4CB1E6004CF14A /* SecondViewController.m */ = {isa = PBXFileReference; lastKnownFileType = sourcecode.c.objc; path = SecondViewController.m; sourceTree = "<group>"; };
		84CCFB7B1B4CB1E6004CF14A /* Base */ = {isa = PBXFileReference; lastKnownFileType = file.storyboard; name = Base; path = Base.lproj/Main.storyboard; sourceTree = "<group>"; };
		84CCFB7D1B4CB1E6004CF14A /* Images.xcassets */ = {isa = PBXFileReference; lastKnownFileType = folder.assetcatalog; path = Images.xcassets; sourceTree = "<group>"; };
		84CCFB801B4CB1E6004CF14A /* Base */ = {isa = PBXFileReference; lastKnownFileType = file.xib; name = Base; path = Base.lproj/LaunchScreen.xib; sourceTree = "<group>"; };
		84CCFB861B4CB1E6004CF14A /* Tutorial_40Tests.xctest */ = {isa = PBXFileReference; explicitFileType = wrapper.cfbundle; includeInIndex = 0; path = Tutorial_40Tests.xctest; sourceTree = BUILT_PRODUCTS_DIR; };
		84CCFB8B1B4CB1E6004CF14A /* Info.plist */ = {isa = PBXFileReference; lastKnownFileType = text.plist.xml; path = Info.plist; sourceTree = "<group>"; };
		84CCFB8C1B4CB1E6004CF14A /* Tutorial_40Tests.m */ = {isa = PBXFileReference; lastKnownFileType = sourcecode.c.objc; path = Tutorial_40Tests.m; sourceTree = "<group>"; };
/* End PBXFileReference section */

/* Begin PBXFrameworksBuildPhase section */
		84CCFB671B4CB1E6004CF14A /* Frameworks */ = {
			isa = PBXFrameworksBuildPhase;
			buildActionMask = 2147483647;
			files = (
			);
			runOnlyForDeploymentPostprocessing = 0;
		};
		84CCFB831B4CB1E6004CF14A /* Frameworks */ = {
			isa = PBXFrameworksBuildPhase;
			buildActionMask = 2147483647;
			files = (
			);
			runOnlyForDeploymentPostprocessing = 0;
		};
/* End PBXFrameworksBuildPhase section */

/* Begin PBXGroup section */
		84CCFB611B4CB1E6004CF14A = {
			isa = PBXGroup;
			children = (
				84CCFB6C1B4CB1E6004CF14A /* Tutorial_40 */,
				84CCFB891B4CB1E6004CF14A /* Tutorial_40Tests */,
				84CCFB6B1B4CB1E6004CF14A /* Products */,
			);
			sourceTree = "<group>";
		};
		84CCFB6B1B4CB1E6004CF14A /* Products */ = {
			isa = PBXGroup;
			children = (
				84CCFB6A1B4CB1E6004CF14A /* Tutorial_40.app */,
				84CCFB861B4CB1E6004CF14A /* Tutorial_40Tests.xctest */,
			);
			name = Products;
			sourceTree = "<group>";
		};
		84CCFB6C1B4CB1E6004CF14A /* Tutorial_40 */ = {
			isa = PBXGroup;
			children = (
				84CCFB711B4CB1E6004CF14A /* AppDelegate.h */,
				84CCFB721B4CB1E6004CF14A /* AppDelegate.m */,
				84CCFB741B4CB1E6004CF14A /* FirstViewController.h */,
				84CCFB751B4CB1E6004CF14A /* FirstViewController.m */,
				84CCFB771B4CB1E6004CF14A /* SecondViewController.h */,
				84CCFB781B4CB1E6004CF14A /* SecondViewController.m */,
				84CCFB7A1B4CB1E6004CF14A /* Main.storyboard */,
				84CCFB7D1B4CB1E6004CF14A /* Images.xcassets */,
				84CCFB7F1B4CB1E6004CF14A /* LaunchScreen.xib */,
				84CCFB6D1B4CB1E6004CF14A /* Supporting Files */,
			);
			path = Tutorial_40;
			sourceTree = "<group>";
		};
		84CCFB6D1B4CB1E6004CF14A /* Supporting Files */ = {
			isa = PBXGroup;
			children = (
				84CCFB6E1B4CB1E6004CF14A /* Info.plist */,
				84CCFB6F1B4CB1E6004CF14A /* main.m */,
			);
			name = "Supporting Files";
			sourceTree = "<group>";
		};
		84CCFB891B4CB1E6004CF14A /* Tutorial_40Tests */ = {
			isa = PBXGroup;
			children = (
				84CCFB8C1B4CB1E6004CF14A /* Tutorial_40Tests.m */,
				84CCFB8A1B4CB1E6004CF14A /* Supporting Files */,
			);
			path = Tutorial_40Tests;
			sourceTree = "<group>";
		};
		84CCFB8A1B4CB1E6004CF14A /* Supporting Files */ = {
			isa = PBXGroup;
			children = (
				84CCFB8B1B4CB1E6004CF14A /* Info.plist */,
			);
			name = "Supporting Files";
			sourceTree = "<group>";
		};
/* End PBXGroup section */

/* Begin PBXNativeTarget section */
		84CCFB691B4CB1E6004CF14A /* Tutorial_40 */ = {
			isa = PBXNativeTarget;
			buildConfigurationList = 84CCFB901B4CB1E6004CF14A /* Build configuration list for PBXNativeTarget "Tutorial_40" */;
			buildPhases = (
				84CCFB661B4CB1E6004CF14A /* Sources */,
				84CCFB671B4CB1E6004CF14A /* Frameworks */,
				84CCFB681B4CB1E6004CF14A /* Resources */,
			);
			buildRules = (
			);
			dependencies = (
			);
			name = Tutorial_40;
			productName = Tutorial_40;
			productReference = 84CCFB6A1B4CB1E6004CF14A /* Tutorial_40.app */;
			productType = "com.apple.product-type.application";
		};
		84CCFB851B4CB1E6004CF14A /* Tutorial_40Tests */ = {
			isa = PBXNativeTarget;
			buildConfigurationList = 84CCFB931B4CB1E6004CF14A /* Build configuration list for PBXNativeTarget "Tutorial_40Tests" */;
			buildPhases = (
				84CCFB821B4CB1E6004CF14A /* Sources */,
				84CCFB831B4CB1E6004CF14A /* Frameworks */,
				84CCFB841B4CB1E6004CF14A /* Resources */,
			);
			buildRules = (
			);
			dependencies = (
				84CCFB881B4CB1E6004CF14A /* PBXTargetDependency */,
			);
			name = Tutorial_40Tests;
			productName = Tutorial_40Tests;
			productReference = 84CCFB861B4CB1E6004CF14A /* Tutorial_40Tests.xctest */;
			productType = "com.apple.product-type.bundle.unit-test";
		};
/* End PBXNativeTarget section */

/* Begin PBXProject section */
		84CCFB621B4CB1E6004CF14A /* Project object */ = {
			isa = PBXProject;
			attributes = {
				LastUpgradeCheck = 0630;
				ORGANIZATIONNAME = Admin;
				TargetAttributes = {
					84CCFB691B4CB1E6004CF14A = {
						CreatedOnToolsVersion = 6.3.2;
					};
					84CCFB851B4CB1E6004CF14A = {
						CreatedOnToolsVersion = 6.3.2;
						TestTargetID = 84CCFB691B4CB1E6004CF14A;
					};
				};
			};
			buildConfigurationList = 84CCFB651B4CB1E6004CF14A /* Build configuration list for PBXProject "Tutorial_40" */;
			compatibilityVersion = "Xcode 3.2";
			developmentRegion = English;
			hasScannedForEncodings = 0;
			knownRegions = (
				en,
				Base,
			);
			mainGroup = 84CCFB611B4CB1E6004CF14A;
			productRefGroup = 84CCFB6B1B4CB1E6004CF14A /* Products */;
			projectDirPath = "";
			projectRoot = "";
			targets = (
				84CCFB691B4CB1E6004CF14A /* Tutorial_40 */,
				84CCFB851B4CB1E6004CF14A /* Tutorial_40Tests */,
			);
		};
/* End PBXProject section */

/* Begin PBXResourcesBuildPhase section */
		84CCFB681B4CB1E6004CF14A /* Resources */ = {
			isa = PBXResourcesBuildPhase;
			buildActionMask = 2147483647;
			files = (
				84CCFB7C1B4CB1E6004CF14A /* Main.storyboard in Resources */,
				84CCFB811B4CB1E6004CF14A /* LaunchScreen.xib in Resources */,
				84CCFB7E1B4CB1E6004CF14A /* Images.xcassets in Resources */,
			);
			runOnlyForDeploymentPostprocessing = 0;
		};
		84CCFB841B4CB1E6004CF14A /* Resources */ = {
			isa = PBXResourcesBuildPhase;
			buildActionMask = 2147483647;
			files = (
			);
			runOnlyForDeploymentPostprocessing = 0;
		};
/* End PBXResourcesBuildPhase section */

/* Begin PBXSourcesBuildPhase section */
		84CCFB661B4CB1E6004CF14A /* Sources */ = {
			isa = PBXSourcesBuildPhase;
			buildActionMask = 2147483647;
			files = (
				84CCFB791B4CB1E6004CF14A /* SecondViewController.m in Sources */,
				84CCFB731B4CB1E6004CF14A /* AppDelegate.m in Sources */,
				84CCFB761B4CB1E6004CF14A /* FirstViewController.m in Sources */,
				84CCFB701B4CB1E6004CF14A /* main.m in Sources */,
			);
			runOnlyForDeploymentPostprocessing = 0;
		};
		84CCFB821B4CB1E6004CF14A /* Sources */ = {
			isa = PBXSourcesBuildPhase;
			buildActionMask = 2147483647;
			files = (
				84CCFB8D1B4CB1E6004CF14A /* Tutorial_40Tests.m in Sources */,
			);
			runOnlyForDeploymentPostprocessing = 0;
		};
/* End PBXSourcesBuildPhase section */

/* Begin PBXTargetDependency section */
		84CCFB881B4CB1E6004CF14A /* PBXTargetDependency */ = {
			isa = PBXTargetDependency;
			target = 84CCFB691B4CB1E6004CF14A /* Tutorial_40 */;
			targetProxy = 84CCFB871B4CB1E6004CF14A /* PBXContainerItemProxy */;
		};
/* End PBXTargetDependency section */

/* Begin PBXVariantGroup section */
		84CCFB7A1B4CB1E6004CF14A /* Main.storyboard */ = {
			isa = PBXVariantGroup;
			children = (
				84CCFB7B1B4CB1E6004CF14A /* Base */,
			);
			name = Main.storyboard;
			sourceTree = "<group>";
		};
		84CCFB7F1B4CB1E6004CF14A /* LaunchScreen.xib */ = {
			isa = PBXVariantGroup;
			children = (
				84CCFB801B4CB1E6004CF14A /* Base */,
			);
			name = LaunchScreen.xib;
			sourceTree = "<group>";
		};
/* End PBXVariantGroup section */

/* Begin XCBuildConfiguration section */
		84CCFB8E1B4CB1E6004CF14A /* Debug */ = {
			isa = XCBuildConfiguration;
			buildSettings = {
				ALWAYS_SEARCH_USER_PATHS = NO;
				CLANG_CXX_LANGUAGE_STANDARD = "gnu++0x";
				CLANG_CXX_LIBRARY = "libc++";
				CLANG_ENABLE_MODULES = YES;
				CLANG_ENABLE_OBJC_ARC = YES;
				CLANG_WARN_BOOL_CONVERSION = YES;
				CLANG_WARN_CONSTANT_CONVERSION = YES;
				CLANG_WARN_DIRECT_OBJC_ISA_USAGE = YES_ERROR;
				CLANG_WARN_EMPTY_BODY = YES;
				CLANG_WARN_ENUM_CONVERSION = YES;
				CLANG_WARN_INT_CONVERSION = YES;
				CLANG_WARN_OBJC_ROOT_CLASS = YES_ERROR;
				CLANG_WARN_UNREACHABLE_CODE = YES;
				CLANG_WARN__DUPLICATE_METHOD_MATCH = YES;
				"CODE_SIGN_IDENTITY[sdk=iphoneos*]" = "iPhone Developer";
				COPY_PHASE_STRIP = NO;
				DEBUG_INFORMATION_FORMAT = "dwarf-with-dsym";
				ENABLE_STRICT_OBJC_MSGSEND = YES;
				GCC_C_LANGUAGE_STANDARD = gnu99;
				GCC_DYNAMIC_NO_PIC = NO;
				GCC_NO_COMMON_BLOCKS = YES;
				GCC_OPTIMIZATION_LEVEL = 0;
				GCC_PREPROCESSOR_DEFINITIONS = (
					"DEBUG=1",
					"$(inherited)",
				);
				GCC_SYMBOLS_PRIVATE_EXTERN = NO;
				GCC_WARN_64_TO_32_BIT_CONVERSION = YES;
				GCC_WARN_ABOUT_RETURN_TYPE = YES_ERROR;
				GCC_WARN_UNDECLARED_SELECTOR = YES;
				GCC_WARN_UNINITIALIZED_AUTOS = YES_AGGRESSIVE;
				GCC_WARN_UNUSED_FUNCTION = YES;
				GCC_WARN_UNUSED_VARIABLE = YES;
				IPHONEOS_DEPLOYMENT_TARGET = 8.3;
				MTL_ENABLE_DEBUG_INFO = YES;
				ONLY_ACTIVE_ARCH = YES;
				SDKROOT = iphoneos;
			};
			name = Debug;
		};
		84CCFB8F1B4CB1E6004CF14A /* Release */ = {
			isa = XCBuildConfiguration;
			buildSettings = {
				ALWAYS_SEARCH_USER_PATHS = NO;
				CLANG_CXX_LANGUAGE_STANDARD = "gnu++0x";
				CLANG_CXX_LIBRARY = "libc++";
				CLANG_ENABLE_MODULES = YES;
				CLANG_ENABLE_OBJC_ARC = YES;
				CLANG_WARN_BOOL_CONVERSION = YES;
				CLANG_WARN_CONSTANT_CONVERSION = YES;
				CLANG_WARN_DIRECT_OBJC_ISA_USAGE = YES_ERROR;
				CLANG_WARN_EMPTY_BODY = YES;
				CLANG_WARN_ENUM_CONVERSION = YES;
				CLANG_WARN_INT_CONVERSION = YES;
				CLANG_WARN_OBJC_ROOT_CLASS = YES_ERROR;
				CLANG_WARN_UNREACHABLE_CODE = YES;
				CLANG_WARN__DUPLICATE_METHOD_MATCH = YES;
				"CODE_SIGN_IDENTITY[sdk=iphoneos*]" = "iPhone Developer";
				COPY_PHASE_STRIP = NO;
				DEBUG_INFORMATION_FORMAT = "dwarf-with-dsym";
				ENABLE_NS_ASSERTIONS = NO;
				ENABLE_STRICT_OBJC_MSGSEND = YES;
				GCC_C_LANGUAGE_STANDARD = gnu99;
				GCC_NO_COMMON_BLOCKS = YES;
				GCC_WARN_64_TO_32_BIT_CONVERSION = YES;
				GCC_WARN_ABOUT_RETURN_TYPE = YES_ERROR;
				GCC_WARN_UNDECLARED_SELECTOR = YES;
				GCC_WARN_UNINITIALIZED_AUTOS = YES_AGGRESSIVE;
				GCC_WARN_UNUSED_FUNCTION = YES;
				GCC_WARN_UNUSED_VARIABLE = YES;
				IPHONEOS_DEPLOYMENT_TARGET = 8.3;
				MTL_ENABLE_DEBUG_INFO = NO;
				SDKROOT = iphoneos;
				VALIDATE_PRODUCT = YES;
			};
			name = Release;
		};
		84CCFB911B4CB1E6004CF14A /* Debug */ = {
			isa = XCBuildConfiguration;
			buildSettings = {
				ASSETCATALOG_COMPILER_APPICON_NAME = AppIcon;
				INFOPLIST_FILE = Tutorial_40/Info.plist;
				LD_RUNPATH_SEARCH_PATHS = "$(inherited) @executable_path/Frameworks";
				PRODUCT_NAME = "$(TARGET_NAME)";
			};
			name = Debug;
		};
		84CCFB921B4CB1E6004CF14A /* Release */ = {
			isa = XCBuildConfiguration;
			buildSettings = {
				ASSETCATALOG_COMPILER_APPICON_NAME = AppIcon;
				INFOPLIST_FILE = Tutorial_40/Info.plist;
				LD_RUNPATH_SEARCH_PATHS = "$(inherited) @executable_path/Frameworks";
				PRODUCT_NAME = "$(TARGET_NAME)";
			};
			name = Release;
		};
		84CCFB941B4CB1E6004CF14A /* Debug */ = {
			isa = XCBuildConfiguration;
			buildSettings = {
				BUNDLE_LOADER = "$(TEST_HOST)";
				FRAMEWORK_SEARCH_PATHS = (
					"$(SDKROOT)/Developer/Library/Frameworks",
					"$(inherited)",
				);
				GCC_PREPROCESSOR_DEFINITIONS = (
					"DEBUG=1",
					"$(inherited)",
				);
				INFOPLIST_FILE = Tutorial_40Tests/Info.plist;
				LD_RUNPATH_SEARCH_PATHS = "$(inherited) @executable_path/Frameworks @loader_path/Frameworks";
				PRODUCT_NAME = "$(TARGET_NAME)";
				TEST_HOST = "$(BUILT_PRODUCTS_DIR)/Tutorial_40.app/Tutorial_40";
			};
			name = Debug;
		};
		84CCFB951B4CB1E6004CF14A /* Release */ = {
			isa = XCBuildConfiguration;
			buildSettings = {
				BUNDLE_LOADER = "$(TEST_HOST)";
				FRAMEWORK_SEARCH_PATHS = (
					"$(SDKROOT)/Developer/Library/Frameworks",
					"$(inherited)",
				);
				INFOPLIST_FILE = Tutorial_40Tests/Info.plist;
				LD_RUNPATH_SEARCH_PATHS = "$(inherited) @executable_path/Frameworks @loader_path/Frameworks";
				PRODUCT_NAME = "$(TARGET_NAME)";
				TEST_HOST = "$(BUILT_PRODUCTS_DIR)/Tutorial_40.app/Tutorial_40";
			};
			name = Release;
		};
/* End XCBuildConfiguration section */

/* Begin XCConfigurationList section */
		84CCFB651B4CB1E6004CF14A /* Build configuration list for PBXProject "Tutorial_40" */ = {
			isa = XCConfigurationList;
			buildConfigurations = (
				84CCFB8E1B4CB1E6004CF14A /* Debug */,
				84CCFB8F1B4CB1E6004CF14A /* Release */,
			);
			defaultConfigurationIsVisible = 0;
			defaultConfigurationName = Release;
		};
		84CCFB901B4CB1E6004CF14A /* Build configuration list for PBXNativeTarget "Tutorial_40" */ = {
			isa = XCConfigurationList;
			buildConfigurations = (
				84CCFB911B4CB1E6004CF14A /* Debug */,
				84CCFB921B4CB1E6004CF14A /* Release */,
			);
			defaultConfigurationIsVisible = 0;
		};
		84CCFB931B4CB1E6004CF14A /* Build configuration list for PBXNativeTarget "Tutorial_40Tests" */ = {
			isa = XCConfigurationList;
			buildConfigurations = (
				84CCFB941B4CB1E6004CF14A /* Debug */,
				84CCFB951B4CB1E6004CF14A /* Release */,
			);
			defaultConfigurationIsVisible = 0;
		};
/* End XCConfigurationList section */
	};
	rootObject = 84CCFB621B4CB1E6004CF14A /* Project object */;
}
